
Microsoft Visual Studio Solution File, Format Version 12.00
# Visual Studio Version 17
VisualStudioVersion = 17.13.35931.197 d17.13
MinimumVisualStudioVersion = 10.0.40219.1
Project("{FAE04EC0-301F-11D3-BF4B-00C04F79EFBC}") = "TestWebService_RealIT", "TestWebService_RealIT.csproj", "{C3F330BA-B323-4663-830F-26AA103F77F5}"
EndProject
Global
	GlobalSection(SolutionConfigurationPlatforms) = preSolution
		Debug|Any CPU = Debug|Any CPU
		Release|Any CPU = Release|Any CPU
	EndGlobalSection
	GlobalSection(ProjectConfigurationPlatforms) = postSolution
		{C3F330BA-B323-4663-830F-26AA103F77F5}.Debug|Any CPU.ActiveCfg = Debug|Any CPU
		{C3F330BA-B323-4663-830F-26AA103F77F5}.Debug|Any CPU.Build.0 = Debug|Any CPU
		{C3F330BA-B323-4663-830F-26AA103F77F5}.Release|Any CPU.ActiveCfg = Release|Any CPU
		{C3F330BA-B323-4663-830F-26AA103F77F5}.Release|Any CPU.Build.0 = Release|Any CPU
	EndGlobalSection
	GlobalSection(SolutionProperties) = preSolution
		HideSolutionNode = FALSE
	EndGlobalSection
	GlobalSection(ExtensibilityGlobals) = postSolution
		SolutionGuid = {8AB22C8E-56D2-4B7E-8397-4B27E904CAED}
	EndGlobalSection
EndGlobal
